
Microsoft Visual Studio Solution File, Format Version 12.00
# Visual Studio Version 16
VisualStudioVersion = 16.0.31702.278
MinimumVisualStudioVersion = 10.0.40219.1
Project("{FAE04EC0-301F-11D3-BF4B-00C04F79EFBC}") = "Core_CRUD", "Core_CRUD\Core_CRUD.csproj", "{DD760E84-5327-4594-AE4A-0FD05FA8DE13}"
EndProject
Global
	GlobalSection(SolutionConfigurationPlatforms) = preSolution
		Debug|Any CPU = Debug|Any CPU
		Release|Any CPU = Release|Any CPU
	EndGlobalSection
	GlobalSection(ProjectConfigurationPlatforms) = postSolution
		{DD760E84-5327-4594-AE4A-0FD05FA8DE13}.Debug|Any CPU.ActiveCfg = Debug|Any CPU
		{DD760E84-5327-4594-AE4A-0FD05FA8DE13}.Debug|Any CPU.Build.0 = Debug|Any CPU
		{DD760E84-5327-4594-AE4A-0FD05FA8DE13}.Release|Any CPU.ActiveCfg = Release|Any CPU
		{DD760E84-5327-4594-AE4A-0FD05FA8DE13}.Release|Any CPU.Build.0 = Release|Any CPU
	EndGlobalSection
	GlobalSection(SolutionProperties) = preSolution
		HideSolutionNode = FALSE
	EndGlobalSection
	GlobalSection(ExtensibilityGlobals) = postSolution
		SolutionGuid = {31EED2DE-A253-4F7F-A40E-DCE839288581}
	EndGlobalSection
EndGlobal
